// !$*UTF8*$!
{
	archiveVersion = 1;
	classes = {
	};
	objectVersion = 46;
	objects = {

/* Begin PBXBuildFile section */
		50A1E3EC1BA3E45600F3A4DB /* AppDelegate.swift in Sources */ = {isa = PBXBuildFile; fileRef = 50A1E3EB1BA3E45600F3A4DB /* AppDelegate.swift */; };
		50A1E3EE1BA3E45600F3A4DB /* ViewController.swift in Sources */ = {isa = PBXBuildFile; fileRef = 50A1E3ED1BA3E45600F3A4DB /* ViewController.swift */; };
		50A1E3F11BA3E45600F3A4DB /* Main.storyboard in Resources */ = {isa = PBXBuildFile; fileRef = 50A1E3EF1BA3E45600F3A4DB /* Main.storyboard */; };
		50A1E3F31BA3E45600F3A4DB /* Images.xcassets in Resources */ = {isa = PBXBuildFile; fileRef = 50A1E3F21BA3E45600F3A4DB /* Images.xcassets */; };
		50A1E3F61BA3E45600F3A4DB /* LaunchScreen.xib in Resources */ = {isa = PBXBuildFile; fileRef = 50A1E3F41BA3E45600F3A4DB /* LaunchScreen.xib */; };
		50A1E4021BA3E45700F3A4DB /* room8Tests.swift in Sources */ = {isa = PBXBuildFile; fileRef = 50A1E4011BA3E45700F3A4DB /* room8Tests.swift */; };
/* End PBXBuildFile section */

/* Begin PBXContainerItemProxy section */
		50A1E3FC1BA3E45700F3A4DB /* PBXContainerItemProxy */ = {
			isa = PBXContainerItemProxy;
			containerPortal = 50A1E3DE1BA3E45600F3A4DB /* Project object */;
			proxyType = 1;
			remoteGlobalIDString = 50A1E3E51BA3E45600F3A4DB;
			remoteInfo = room8;
		};
/* End PBXContainerItemProxy section */

/* Begin PBXFileReference section */
		50A1E3E61BA3E45600F3A4DB /* room8.app */ = {isa = PBXFileReference; explicitFileType = wrapper.application; includeInIndex = 0; path = room8.app; sourceTree = BUILT_PRODUCTS_DIR; };
		50A1E3EA1BA3E45600F3A4DB /* Info.plist */ = {isa = PBXFileReference; lastKnownFileType = text.plist.xml; path = Info.plist; sourceTree = "<group>"; };
		50A1E3EB1BA3E45600F3A4DB /* AppDelegate.swift */ = {isa = PBXFileReference; lastKnownFileType = sourcecode.swift; path = AppDelegate.swift; sourceTree = "<group>"; };
		50A1E3ED1BA3E45600F3A4DB /* ViewController.swift */ = {isa = PBXFileReference; lastKnownFileType = sourcecode.swift; path = ViewController.swift; sourceTree = "<group>"; };
		50A1E3F01BA3E45600F3A4DB /* Base */ = {isa = PBXFileReference; lastKnownFileType = file.storyboard; name = Base; path = Base.lproj/Main.storyboard; sourceTree = "<group>"; };
		50A1E3F21BA3E45600F3A4DB /* Images.xcassets */ = {isa = PBXFileReference; lastKnownFileType = folder.assetcatalog; path = Images.xcassets; sourceTree = "<group>"; };
		50A1E3F51BA3E45600F3A4DB /* Base */ = {isa = PBXFileReference; lastKnownFileType = file.xib; name = Base; path = Base.lproj/LaunchScreen.xib; sourceTree = "<group>"; };
		50A1E3FB1BA3E45700F3A4DB /* room8Tests.xctest */ = {isa = PBXFileReference; explicitFileType = wrapper.cfbundle; includeInIndex = 0; path = room8Tests.xctest; sourceTree = BUILT_PRODUCTS_DIR; };
		50A1E4001BA3E45700F3A4DB /* Info.plist */ = {isa = PBXFileReference; lastKnownFileType = text.plist.xml; path = Info.plist; sourceTree = "<group>"; };
		50A1E4011BA3E45700F3A4DB /* room8Tests.swift */ = {isa = PBXFileReference; lastKnownFileType = sourcecode.swift; path = room8Tests.swift; sourceTree = "<group>"; };
/* End PBXFileReference section */

/* Begin PBXFrameworksBuildPhase section */
		50A1E3E31BA3E45600F3A4DB /* Frameworks */ = {
			isa = PBXFrameworksBuildPhase;
			buildActionMask = 2147483647;
			files = (
			);
			runOnlyForDeploymentPostprocessing = 0;
		};
		50A1E3F81BA3E45700F3A4DB /* Frameworks */ = {
			isa = PBXFrameworksBuildPhase;
			buildActionMask = 2147483647;
			files = (
			);
			runOnlyForDeploymentPostprocessing = 0;
		};
/* End PBXFrameworksBuildPhase section */

/* Begin PBXGroup section */
		50A1E3DD1BA3E45600F3A4DB = {
			isa = PBXGroup;
			children = (
				50A1E3E81BA3E45600F3A4DB /* room8 */,
				50A1E3FE1BA3E45700F3A4DB /* room8Tests */,
				50A1E3E71BA3E45600F3A4DB /* Products */,
			);
			sourceTree = "<group>";
		};
		50A1E3E71BA3E45600F3A4DB /* Products */ = {
			isa = PBXGroup;
			children = (
				50A1E3E61BA3E45600F3A4DB /* room8.app */,
				50A1E3FB1BA3E45700F3A4DB /* room8Tests.xctest */,
			);
			name = Products;
			sourceTree = "<group>";
		};
		50A1E3E81BA3E45600F3A4DB /* room8 */ = {
			isa = PBXGroup;
			children = (
				50A1E3EB1BA3E45600F3A4DB /* AppDelegate.swift */,
				50A1E3ED1BA3E45600F3A4DB /* ViewController.swift */,
				50A1E3EF1BA3E45600F3A4DB /* Main.storyboard */,
				50A1E3F21BA3E45600F3A4DB /* Images.xcassets */,
				50A1E3F41BA3E45600F3A4DB /* LaunchScreen.xib */,
				50A1E3E91BA3E45600F3A4DB /* Supporting Files */,
			);
			path = room8;
			sourceTree = "<group>";
		};
		50A1E3E91BA3E45600F3A4DB /* Supporting Files */ = {
			isa = PBXGroup;
			children = (
				50A1E3EA1BA3E45600F3A4DB /* Info.plist */,
			);
			name = "Supporting Files";
			sourceTree = "<group>";
		};
		50A1E3FE1BA3E45700F3A4DB /* room8Tests */ = {
			isa = PBXGroup;
			children = (
				50A1E4011BA3E45700F3A4DB /* room8Tests.swift */,
				50A1E3FF1BA3E45700F3A4DB /* Supporting Files */,
			);
			path = room8Tests;
			sourceTree = "<group>";
		};
		50A1E3FF1BA3E45700F3A4DB /* Supporting Files */ = {
			isa = PBXGroup;
			children = (
				50A1E4001BA3E45700F3A4DB /* Info.plist */,
			);
			name = "Supporting Files";
			sourceTree = "<group>";
		};
/* End PBXGroup section */

/* Begin PBXNativeTarget section */
		50A1E3E51BA3E45600F3A4DB /* room8 */ = {
			isa = PBXNativeTarget;
			buildConfigurationList = 50A1E4051BA3E45700F3A4DB /* Build configuration list for PBXNativeTarget "room8" */;
			buildPhases = (
				50A1E3E21BA3E45600F3A4DB /* Sources */,
				50A1E3E31BA3E45600F3A4DB /* Frameworks */,
				50A1E3E41BA3E45600F3A4DB /* Resources */,
			);
			buildRules = (
			);
			dependencies = (
			);
			name = room8;
			productName = room8;
			productReference = 50A1E3E61BA3E45600F3A4DB /* room8.app */;
			productType = "com.apple.product-type.application";
		};
		50A1E3FA1BA3E45700F3A4DB /* room8Tests */ = {
			isa = PBXNativeTarget;
			buildConfigurationList = 50A1E4081BA3E45700F3A4DB /* Build configuration list for PBXNativeTarget "room8Tests" */;
			buildPhases = (
				50A1E3F71BA3E45700F3A4DB /* Sources */,
				50A1E3F81BA3E45700F3A4DB /* Frameworks */,
				50A1E3F91BA3E45700F3A4DB /* Resources */,
			);
			buildRules = (
			);
			dependencies = (
				50A1E3FD1BA3E45700F3A4DB /* PBXTargetDependency */,
			);
			name = room8Tests;
			productName = room8Tests;
			productReference = 50A1E3FB1BA3E45700F3A4DB /* room8Tests.xctest */;
			productType = "com.apple.product-type.bundle.unit-test";
		};
/* End PBXNativeTarget section */

/* Begin PBXProject section */
		50A1E3DE1BA3E45600F3A4DB /* Project object */ = {
			isa = PBXProject;
			attributes = {
				LastUpgradeCheck = 0640;
				ORGANIZATIONNAME = "Jonathan Arlauskas";
				TargetAttributes = {
					50A1E3E51BA3E45600F3A4DB = {
						CreatedOnToolsVersion = 6.4;
					};
					50A1E3FA1BA3E45700F3A4DB = {
						CreatedOnToolsVersion = 6.4;
						TestTargetID = 50A1E3E51BA3E45600F3A4DB;
					};
				};
			};
			buildConfigurationList = 50A1E3E11BA3E45600F3A4DB /* Build configuration list for PBXProject "room8" */;
			compatibilityVersion = "Xcode 3.2";
			developmentRegion = English;
			hasScannedForEncodings = 0;
			knownRegions = (
				en,
				Base,
			);
			mainGroup = 50A1E3DD1BA3E45600F3A4DB;
			productRefGroup = 50A1E3E71BA3E45600F3A4DB /* Products */;
			projectDirPath = "";
			projectRoot = "";
			targets = (
				50A1E3E51BA3E45600F3A4DB /* room8 */,
				50A1E3FA1BA3E45700F3A4DB /* room8Tests */,
			);
		};
/* End PBXProject section */

/* Begin PBXResourcesBuildPhase section */
		50A1E3E41BA3E45600F3A4DB /* Resources */ = {
			isa = PBXResourcesBuildPhase;
			buildActionMask = 2147483647;
			files = (
				50A1E3F11BA3E45600F3A4DB /* Main.storyboard in Resources */,
				50A1E3F61BA3E45600F3A4DB /* LaunchScreen.xib in Resources */,
				50A1E3F31BA3E45600F3A4DB /* Images.xcassets in Resources */,
			);
			runOnlyForDeploymentPostprocessing = 0;
		};
		50A1E3F91BA3E45700F3A4DB /* Resources */ = {
			isa = PBXResourcesBuildPhase;
			buildActionMask = 2147483647;
			files = (
			);
			runOnlyForDeploymentPostprocessing = 0;
		};
/* End PBXResourcesBuildPhase section */

/* Begin PBXSourcesBuildPhase section */
		50A1E3E21BA3E45600F3A4DB /* Sources */ = {
			isa = PBXSourcesBuildPhase;
			buildActionMask = 2147483647;
			files = (
				50A1E3EE1BA3E45600F3A4DB /* ViewController.swift in Sources */,
				50A1E3EC1BA3E45600F3A4DB /* AppDelegate.swift in Sources */,
			);
			runOnlyForDeploymentPostprocessing = 0;
		};
		50A1E3F71BA3E45700F3A4DB /* Sources */ = {
			isa = PBXSourcesBuildPhase;
			buildActionMask = 2147483647;
			files = (
				50A1E4021BA3E45700F3A4DB /* room8Tests.swift in Sources */,
			);
			runOnlyForDeploymentPostprocessing = 0;
		};
/* End PBXSourcesBuildPhase section */

/* Begin PBXTargetDependency section */
		50A1E3FD1BA3E45700F3A4DB /* PBXTargetDependency */ = {
			isa = PBXTargetDependency;
			target = 50A1E3E51BA3E45600F3A4DB /* room8 */;
			targetProxy = 50A1E3FC1BA3E45700F3A4DB /* PBXContainerItemProxy */;
		};
/* End PBXTargetDependency section */

/* Begin PBXVariantGroup section */
		50A1E3EF1BA3E45600F3A4DB /* Main.storyboard */ = {
			isa = PBXVariantGroup;
			children = (
				50A1E3F01BA3E45600F3A4DB /* Base */,
			);
			name = Main.storyboard;
			sourceTree = "<group>";
		};
		50A1E3F41BA3E45600F3A4DB /* LaunchScreen.xib */ = {
			isa = PBXVariantGroup;
			children = (
				50A1E3F51BA3E45600F3A4DB /* Base */,
			);
			name = LaunchScreen.xib;
			sourceTree = "<group>";
		};
/* End PBXVariantGroup section */

/* Begin XCBuildConfiguration section */
		50A1E4031BA3E45700F3A4DB /* Debug */ = {
			isa = XCBuildConfiguration;
			buildSettings = {
				ALWAYS_SEARCH_USER_PATHS = NO;
				CLANG_CXX_LANGUAGE_STANDARD = "gnu++0x";
				CLANG_CXX_LIBRARY = "libc++";
				CLANG_ENABLE_MODULES = YES;
				CLANG_ENABLE_OBJC_ARC = YES;
				CLANG_WARN_BOOL_CONVERSION = YES;
				CLANG_WARN_CONSTANT_CONVERSION = YES;
				CLANG_WARN_DIRECT_OBJC_ISA_USAGE = YES_ERROR;
				CLANG_WARN_EMPTY_BODY = YES;
				CLANG_WARN_ENUM_CONVERSION = YES;
				CLANG_WARN_INT_CONVERSION = YES;
				CLANG_WARN_OBJC_ROOT_CLASS = YES_ERROR;
				CLANG_WARN_UNREACHABLE_CODE = YES;
				CLANG_WARN__DUPLICATE_METHOD_MATCH = YES;
				"CODE_SIGN_IDENTITY[sdk=iphoneos*]" = "iPhone Developer";
				COPY_PHASE_STRIP = NO;
				DEBUG_INFORMATION_FORMAT = "dwarf-with-dsym";
				ENABLE_STRICT_OBJC_MSGSEND = YES;
				GCC_C_LANGUAGE_STANDARD = gnu99;
				GCC_DYNAMIC_NO_PIC = NO;
				GCC_NO_COMMON_BLOCKS = YES;
				GCC_OPTIMIZATION_LEVEL = 0;
				GCC_PREPROCESSOR_DEFINITIONS = (
					"DEBUG=1",
					"$(inherited)",
				);
				GCC_SYMBOLS_PRIVATE_EXTERN = NO;
				GCC_WARN_64_TO_32_BIT_CONVERSION = YES;
				GCC_WARN_ABOUT_RETURN_TYPE = YES_ERROR;
				GCC_WARN_UNDECLARED_SELECTOR = YES;
				GCC_WARN_UNINITIALIZED_AUTOS = YES_AGGRESSIVE;
				GCC_WARN_UNUSED_FUNCTION = YES;
				GCC_WARN_UNUSED_VARIABLE = YES;
				IPHONEOS_DEPLOYMENT_TARGET = 8.4;
				MTL_ENABLE_DEBUG_INFO = YES;
				ONLY_ACTIVE_ARCH = YES;
				SDKROOT = iphoneos;
				SWIFT_OPTIMIZATION_LEVEL = "-Onone";
			};
			name = Debug;
		};
		50A1E4041BA3E45700F3A4DB /* Release */ = {
			isa = XCBuildConfiguration;
			buildSettings = {
				ALWAYS_SEARCH_USER_PATHS = NO;
				CLANG_CXX_LANGUAGE_STANDARD = "gnu++0x";
				CLANG_CXX_LIBRARY = "libc++";
				CLANG_ENABLE_MODULES = YES;
				CLANG_ENABLE_OBJC_ARC = YES;
				CLANG_WARN_BOOL_CONVERSION = YES;
				CLANG_WARN_CONSTANT_CONVERSION = YES;
				CLANG_WARN_DIRECT_OBJC_ISA_USAGE = YES_ERROR;
				CLANG_WARN_EMPTY_BODY = YES;
				CLANG_WARN_ENUM_CONVERSION = YES;
				CLANG_WARN_INT_CONVERSION = YES;
				CLANG_WARN_OBJC_ROOT_CLASS = YES_ERROR;
				CLANG_WARN_UNREACHABLE_CODE = YES;
				CLANG_WARN__DUPLICATE_METHOD_MATCH = YES;
				"CODE_SIGN_IDENTITY[sdk=iphoneos*]" = "iPhone Developer";
				COPY_PHASE_STRIP = NO;
				DEBUG_INFORMATION_FORMAT = "dwarf-with-dsym";
				ENABLE_NS_ASSERTIONS = NO;
				ENABLE_STRICT_OBJC_MSGSEND = YES;
				GCC_C_LANGUAGE_STANDARD = gnu99;
				GCC_NO_COMMON_BLOCKS = YES;
				GCC_WARN_64_TO_32_BIT_CONVERSION = YES;
				GCC_WARN_ABOUT_RETURN_TYPE = YES_ERROR;
				GCC_WARN_UNDECLARED_SELECTOR = YES;
				GCC_WARN_UNINITIALIZED_AUTOS = YES_AGGRESSIVE;
				GCC_WARN_UNUSED_FUNCTION = YES;
				GCC_WARN_UNUSED_VARIABLE = YES;
				IPHONEOS_DEPLOYMENT_TARGET = 8.4;
				MTL_ENABLE_DEBUG_INFO = NO;
				SDKROOT = iphoneos;
				VALIDATE_PRODUCT = YES;
			};
			name = Release;
		};
		50A1E4061BA3E45700F3A4DB /* Debug */ = {
			isa = XCBuildConfiguration;
			buildSettings = {
				ASSETCATALOG_COMPILER_APPICON_NAME = AppIcon;
				INFOPLIST_FILE = room8/Info.plist;
				LD_RUNPATH_SEARCH_PATHS = "$(inherited) @executable_path/Frameworks";
				PRODUCT_NAME = "$(TARGET_NAME)";
			};
			name = Debug;
		};
		50A1E4071BA3E45700F3A4DB /* Release */ = {
			isa = XCBuildConfiguration;
			buildSettings = {
				ASSETCATALOG_COMPILER_APPICON_NAME = AppIcon;
				INFOPLIST_FILE = room8/Info.plist;
				LD_RUNPATH_SEARCH_PATHS = "$(inherited) @executable_path/Frameworks";
				PRODUCT_NAME = "$(TARGET_NAME)";
			};
			name = Release;
		};
		50A1E4091BA3E45700F3A4DB /* Debug */ = {
			isa = XCBuildConfiguration;
			buildSettings = {
				BUNDLE_LOADER = "$(TEST_HOST)";
				FRAMEWORK_SEARCH_PATHS = (
					"$(SDKROOT)/Developer/Library/Frameworks",
					"$(inherited)",
				);
				GCC_PREPROCESSOR_DEFINITIONS = (
					"DEBUG=1",
					"$(inherited)",
				);
				INFOPLIST_FILE = room8Tests/Info.plist;
				LD_RUNPATH_SEARCH_PATHS = "$(inherited) @executable_path/Frameworks @loader_path/Frameworks";
				PRODUCT_NAME = "$(TARGET_NAME)";
				TEST_HOST = "$(BUILT_PRODUCTS_DIR)/room8.app/room8";
			};
			name = Debug;
		};
		50A1E40A1BA3E45700F3A4DB /* Release */ = {
			isa = XCBuildConfiguration;
			buildSettings = {
				BUNDLE_LOADER = "$(TEST_HOST)";
				FRAMEWORK_SEARCH_PATHS = (
					"$(SDKROOT)/Developer/Library/Frameworks",
					"$(inherited)",
				);
				INFOPLIST_FILE = room8Tests/Info.plist;
				LD_RUNPATH_SEARCH_PATHS = "$(inherited) @executable_path/Frameworks @loader_path/Frameworks";
				PRODUCT_NAME = "$(TARGET_NAME)";
				TEST_HOST = "$(BUILT_PRODUCTS_DIR)/room8.app/room8";
			};
			name = Release;
		};
/* End XCBuildConfiguration section */

/* Begin XCConfigurationList section */
		50A1E3E11BA3E45600F3A4DB /* Build configuration list for PBXProject "room8" */ = {
			isa = XCConfigurationList;
			buildConfigurations = (
				50A1E4031BA3E45700F3A4DB /* Debug */,
				50A1E4041BA3E45700F3A4DB /* Release */,
			);
			defaultConfigurationIsVisible = 0;
			defaultConfigurationName = Release;
		};
		50A1E4051BA3E45700F3A4DB /* Build configuration list for PBXNativeTarget "room8" */ = {
			isa = XCConfigurationList;
			buildConfigurations = (
				50A1E4061BA3E45700F3A4DB /* Debug */,
				50A1E4071BA3E45700F3A4DB /* Release */,
			);
			defaultConfigurationIsVisible = 0;
		};
		50A1E4081BA3E45700F3A4DB /* Build configuration list for PBXNativeTarget "room8Tests" */ = {
			isa = XCConfigurationList;
			buildConfigurations = (
				50A1E4091BA3E45700F3A4DB /* Debug */,
				50A1E40A1BA3E45700F3A4DB /* Release */,
			);
			defaultConfigurationIsVisible = 0;
		};
/* End XCConfigurationList section */
	};
	rootObject = 50A1E3DE1BA3E45600F3A4DB /* Project object */;
}
